{
    "_readme": [
        "This file locks the dependencies of your project to a known state",
        "Read more about it at https://getcomposer.org/doc/01-basic-usage.md#composer-lock-the-lock-file",
        "This file is @generated automatically"
    ],
    "hash": "7fd0115fb73a549f42ba2b46ab1f3c6f",
    "content-hash": "c70a60c34f18f72f875f21c8590e58d1",
    "packages": [],
    "packages-dev": [],
    "aliases": [],
    "minimum-stability": "alpha",
    "stability-flags": {
        "php": 20
    },
    "prefer-stable": false,
    "prefer-lowest": false,
    "platform": {
        "php": "^7.1-dev"
    },
    "platform-dev": []
}
